
Microsoft Visual Studio Solution File, Format Version 12.00
# Visual Studio Version 16
VisualStudioVersion = 16.0.31729.503
MinimumVisualStudioVersion = 10.0.40219.1
Project("{9A19103F-16F7-4668-BE54-9A1E7A4F7556}") = "Grafik_Test", "Grafik_Test\Grafik_Test.csproj", "{72FAD4E9-08A1-412E-BB3D-C0B82B18FC6A}"
EndProject
Project("{FAE04EC0-301F-11D3-BF4B-00C04F79EFBC}") = "Grafik_Test.BL", "Grafik_Test.BL\Grafik_Test.BL.csproj", "{0493C082-6CF8-48DD-BD20-E0542A8C2507}"
EndProject
Project("{FAE04EC0-301F-11D3-BF4B-00C04F79EFBC}") = "Grafik_Test.BLTests", "Grafik_Test.BLTests\Grafik_Test.BLTests.csproj", "{835F5ED8-3BCA-4E50-838F-F23C90D0B96D}"
EndProject
Global
	GlobalSection(SolutionConfigurationPlatforms) = preSolution
		Debug|Any CPU = Debug|Any CPU
		Release|Any CPU = Release|Any CPU
	EndGlobalSection
	GlobalSection(ProjectConfigurationPlatforms) = postSolution
		{72FAD4E9-08A1-412E-BB3D-C0B82B18FC6A}.Debug|Any CPU.ActiveCfg = Debug|Any CPU
		{72FAD4E9-08A1-412E-BB3D-C0B82B18FC6A}.Debug|Any CPU.Build.0 = Debug|Any CPU
		{72FAD4E9-08A1-412E-BB3D-C0B82B18FC6A}.Release|Any CPU.ActiveCfg = Release|Any CPU
		{72FAD4E9-08A1-412E-BB3D-C0B82B18FC6A}.Release|Any CPU.Build.0 = Release|Any CPU
		{0493C082-6CF8-48DD-BD20-E0542A8C2507}.Debug|Any CPU.ActiveCfg = Debug|Any CPU
		{0493C082-6CF8-48DD-BD20-E0542A8C2507}.Debug|Any CPU.Build.0 = Debug|Any CPU
		{0493C082-6CF8-48DD-BD20-E0542A8C2507}.Release|Any CPU.ActiveCfg = Release|Any CPU
		{0493C082-6CF8-48DD-BD20-E0542A8C2507}.Release|Any CPU.Build.0 = Release|Any CPU
		{835F5ED8-3BCA-4E50-838F-F23C90D0B96D}.Debug|Any CPU.ActiveCfg = Debug|Any CPU
		{835F5ED8-3BCA-4E50-838F-F23C90D0B96D}.Debug|Any CPU.Build.0 = Debug|Any CPU
		{835F5ED8-3BCA-4E50-838F-F23C90D0B96D}.Release|Any CPU.ActiveCfg = Release|Any CPU
		{835F5ED8-3BCA-4E50-838F-F23C90D0B96D}.Release|Any CPU.Build.0 = Release|Any CPU
	EndGlobalSection
	GlobalSection(SolutionProperties) = preSolution
		HideSolutionNode = FALSE
	EndGlobalSection
	GlobalSection(ExtensibilityGlobals) = postSolution
		SolutionGuid = {A3BF0FBB-2F76-419B-BB32-2D76D89F2A7D}
	EndGlobalSection
EndGlobal
